
Microsoft Visual Studio Solution File, Format Version 12.00
# Visual Studio 15
VisualStudioVersion = 15.0.27130.2027
MinimumVisualStudioVersion = 10.0.40219.1
Project("{FAE04EC0-301F-11D3-BF4B-00C04F79EFBC}") = "EMX.JobyJobs.BL", "EMX.JobyJobs.BL\EMX.JobyJobs.BL.csproj", "{B749A72E-44CC-4CC3-AE7A-4626B1AD4D8C}"
EndProject
Project("{FAE04EC0-301F-11D3-BF4B-00C04F79EFBC}") = "EMX.JobyJobs.DAL", "EMX.JobyJobs.DAL\EMX.JobyJobs.DAL.csproj", "{C6D06EAF-FD02-4E97-AC61-9A2451846411}"
EndProject
Project("{2150E333-8FDC-42A3-9474-1A3956D46DE8}") = "Admin", "Admin", "{13748BBB-791C-4EAB-9660-B952C87E2F7B}"
EndProject
Project("{FAE04EC0-301F-11D3-BF4B-00C04F79EFBC}") = "EMX.JobyJobs.ProxyServices", "EMX.JobyJobs.ProxyServices\EMX.JobyJobs.ProxyServices.csproj", "{32370040-C6B1-45D0-9724-54092C529D5B}"
EndProject
Project("{FAE04EC0-301F-11D3-BF4B-00C04F79EFBC}") = "EMX.JobyJobs.Shared", "EMX.JobyJobs.Shared\EMX.JobyJobs.Shared.csproj", "{C9CC9CEC-25A5-45E8-84EB-5816AF4E04E9}"
EndProject
Project("{9A19103F-16F7-4668-BE54-9A1E7A4F7556}") = "Emx.JobyJobs.TaskEngine.Console", "Emx.JobyJobs.TaskEngine.Console\Emx.JobyJobs.TaskEngine.Console.csproj", "{5A2E72D1-4704-4921-A723-9136E9C13213}"
EndProject
Project("{FAE04EC0-301F-11D3-BF4B-00C04F79EFBC}") = "Emx.JobyJobs.NotificaitonEngine.Service", "Emx.JobyJobs.NotificaitonEngine.Service\Emx.JobyJobs.NotificaitonEngine.Service.csproj", "{54AD5288-48B2-49CE-A663-CEAE2ACD3661}"
EndProject
Project("{FAE04EC0-301F-11D3-BF4B-00C04F79EFBC}") = "Emx.JobyJobs.NotificaitonEngine.Logic", "Emx.JobyJobs.NotificaitonEngine.Logic\Emx.JobyJobs.NotificaitonEngine.Logic.csproj", "{5732336B-DBC8-4F08-ADFE-7ADCEA46A045}"
EndProject
Project("{FAE04EC0-301F-11D3-BF4B-00C04F79EFBC}") = "Emx.JobyJobs.TaskEngine.Logic", "Emx.JobyJobs.TaskEngine.Logic\Emx.JobyJobs.TaskEngine.Logic.csproj", "{C0B42F9F-E964-4DA9-88D8-CCE805BD1322}"
EndProject
Project("{9A19103F-16F7-4668-BE54-9A1E7A4F7556}") = "EMX.JobyJobs.ASPCoreFwk.API", "EMX.JobyJobs.ASPCoreFwk.API\EMX.JobyJobs.ASPCoreFwk.API.csproj", "{0EC42B32-FEA6-4519-83AE-8F8C3FB3F712}"
EndProject
Project("{9A19103F-16F7-4668-BE54-9A1E7A4F7556}") = "EMX.JobyJobs.Admin.ASPCoreFwk", "EMX.JobyJobs.Admin.ASPCoreFwk\EMX.JobyJobs.Admin.ASPCoreFwk.csproj", "{4891E00B-8FA5-4B4C-A4AE-0BA83B4DF904}"
EndProject
Project("{FAE04EC0-301F-11D3-BF4B-00C04F79EFBC}") = "EMX.JobyJobs.ASPCoreFwk.Shared", "EMX.JobyJobs.ASPCoreFwk.Shared\EMX.JobyJobs.ASPCoreFwk.Shared.csproj", "{20B09051-7ADC-4F82-B480-C65E271A6921}"
EndProject
Global
	GlobalSection(SolutionConfigurationPlatforms) = preSolution
		Debug|Any CPU = Debug|Any CPU
		Release|Any CPU = Release|Any CPU
	EndGlobalSection
	GlobalSection(ProjectConfigurationPlatforms) = postSolution
		{B749A72E-44CC-4CC3-AE7A-4626B1AD4D8C}.Debug|Any CPU.ActiveCfg = Debug|Any CPU
		{B749A72E-44CC-4CC3-AE7A-4626B1AD4D8C}.Debug|Any CPU.Build.0 = Debug|Any CPU
		{B749A72E-44CC-4CC3-AE7A-4626B1AD4D8C}.Release|Any CPU.ActiveCfg = Release|Any CPU
		{B749A72E-44CC-4CC3-AE7A-4626B1AD4D8C}.Release|Any CPU.Build.0 = Release|Any CPU
		{C6D06EAF-FD02-4E97-AC61-9A2451846411}.Debug|Any CPU.ActiveCfg = Debug|Any CPU
		{C6D06EAF-FD02-4E97-AC61-9A2451846411}.Debug|Any CPU.Build.0 = Debug|Any CPU
		{C6D06EAF-FD02-4E97-AC61-9A2451846411}.Release|Any CPU.ActiveCfg = Release|Any CPU
		{C6D06EAF-FD02-4E97-AC61-9A2451846411}.Release|Any CPU.Build.0 = Release|Any CPU
		{32370040-C6B1-45D0-9724-54092C529D5B}.Debug|Any CPU.ActiveCfg = Debug|Any CPU
		{32370040-C6B1-45D0-9724-54092C529D5B}.Debug|Any CPU.Build.0 = Debug|Any CPU
		{32370040-C6B1-45D0-9724-54092C529D5B}.Release|Any CPU.ActiveCfg = Release|Any CPU
		{32370040-C6B1-45D0-9724-54092C529D5B}.Release|Any CPU.Build.0 = Release|Any CPU
		{C9CC9CEC-25A5-45E8-84EB-5816AF4E04E9}.Debug|Any CPU.ActiveCfg = Debug|Any CPU
		{C9CC9CEC-25A5-45E8-84EB-5816AF4E04E9}.Debug|Any CPU.Build.0 = Debug|Any CPU
		{C9CC9CEC-25A5-45E8-84EB-5816AF4E04E9}.Release|Any CPU.ActiveCfg = Release|Any CPU
		{C9CC9CEC-25A5-45E8-84EB-5816AF4E04E9}.Release|Any CPU.Build.0 = Release|Any CPU
		{5A2E72D1-4704-4921-A723-9136E9C13213}.Debug|Any CPU.ActiveCfg = Debug|Any CPU
		{5A2E72D1-4704-4921-A723-9136E9C13213}.Debug|Any CPU.Build.0 = Debug|Any CPU
		{5A2E72D1-4704-4921-A723-9136E9C13213}.Release|Any CPU.ActiveCfg = Release|Any CPU
		{5A2E72D1-4704-4921-A723-9136E9C13213}.Release|Any CPU.Build.0 = Release|Any CPU
		{54AD5288-48B2-49CE-A663-CEAE2ACD3661}.Debug|Any CPU.ActiveCfg = Debug|Any CPU
		{54AD5288-48B2-49CE-A663-CEAE2ACD3661}.Debug|Any CPU.Build.0 = Debug|Any CPU
		{54AD5288-48B2-49CE-A663-CEAE2ACD3661}.Release|Any CPU.ActiveCfg = Release|Any CPU
		{54AD5288-48B2-49CE-A663-CEAE2ACD3661}.Release|Any CPU.Build.0 = Release|Any CPU
		{5732336B-DBC8-4F08-ADFE-7ADCEA46A045}.Debug|Any CPU.ActiveCfg = Debug|Any CPU
		{5732336B-DBC8-4F08-ADFE-7ADCEA46A045}.Debug|Any CPU.Build.0 = Debug|Any CPU
		{5732336B-DBC8-4F08-ADFE-7ADCEA46A045}.Release|Any CPU.ActiveCfg = Release|Any CPU
		{5732336B-DBC8-4F08-ADFE-7ADCEA46A045}.Release|Any CPU.Build.0 = Release|Any CPU
		{C0B42F9F-E964-4DA9-88D8-CCE805BD1322}.Debug|Any CPU.ActiveCfg = Debug|Any CPU
		{C0B42F9F-E964-4DA9-88D8-CCE805BD1322}.Debug|Any CPU.Build.0 = Debug|Any CPU
		{C0B42F9F-E964-4DA9-88D8-CCE805BD1322}.Release|Any CPU.ActiveCfg = Release|Any CPU
		{C0B42F9F-E964-4DA9-88D8-CCE805BD1322}.Release|Any CPU.Build.0 = Release|Any CPU
		{0EC42B32-FEA6-4519-83AE-8F8C3FB3F712}.Debug|Any CPU.ActiveCfg = Debug|Any CPU
		{0EC42B32-FEA6-4519-83AE-8F8C3FB3F712}.Debug|Any CPU.Build.0 = Debug|Any CPU
		{0EC42B32-FEA6-4519-83AE-8F8C3FB3F712}.Release|Any CPU.ActiveCfg = Release|Any CPU
		{0EC42B32-FEA6-4519-83AE-8F8C3FB3F712}.Release|Any CPU.Build.0 = Release|Any CPU
		{4891E00B-8FA5-4B4C-A4AE-0BA83B4DF904}.Debug|Any CPU.ActiveCfg = Debug|Any CPU
		{4891E00B-8FA5-4B4C-A4AE-0BA83B4DF904}.Debug|Any CPU.Build.0 = Debug|Any CPU
		{4891E00B-8FA5-4B4C-A4AE-0BA83B4DF904}.Release|Any CPU.ActiveCfg = Release|Any CPU
		{4891E00B-8FA5-4B4C-A4AE-0BA83B4DF904}.Release|Any CPU.Build.0 = Release|Any CPU
		{20B09051-7ADC-4F82-B480-C65E271A6921}.Debug|Any CPU.ActiveCfg = Debug|Any CPU
		{20B09051-7ADC-4F82-B480-C65E271A6921}.Debug|Any CPU.Build.0 = Debug|Any CPU
		{20B09051-7ADC-4F82-B480-C65E271A6921}.Release|Any CPU.ActiveCfg = Release|Any CPU
		{20B09051-7ADC-4F82-B480-C65E271A6921}.Release|Any CPU.Build.0 = Release|Any CPU
	EndGlobalSection
	GlobalSection(SolutionProperties) = preSolution
		HideSolutionNode = FALSE
	EndGlobalSection
	GlobalSection(NestedProjects) = preSolution
		{4891E00B-8FA5-4B4C-A4AE-0BA83B4DF904} = {13748BBB-791C-4EAB-9660-B952C87E2F7B}
	EndGlobalSection
	GlobalSection(ExtensibilityGlobals) = postSolution
		SolutionGuid = {80746AFE-FBA5-4277-A85D-F6C2D3634947}
	EndGlobalSection
	GlobalSection(TeamFoundationVersionControl) = preSolution
		SccNumberOfProjects = 12
		SccEnterpriseProvider = {4CA58AB2-18FA-4F8D-95D4-32DDF27D184C}
		SccTeamFoundationServer = https://oahdout85.visualstudio.com/
		SccLocalPath0 = .
		SccProjectUniqueName1 = EMX.JobyJobs.BL\\EMX.JobyJobs.BL.csproj
		SccProjectName1 = EMX.JobyJobs.BL
		SccLocalPath1 = EMX.JobyJobs.BL
		SccProjectUniqueName2 = EMX.JobyJobs.DAL\\EMX.JobyJobs.DAL.csproj
		SccProjectName2 = EMX.JobyJobs.DAL
		SccLocalPath2 = EMX.JobyJobs.DAL
		SccProjectUniqueName3 = EMX.JobyJobs.ProxyServices\\EMX.JobyJobs.ProxyServices.csproj
		SccProjectName3 = EMX.JobyJobs.ProxyServices
		SccLocalPath3 = EMX.JobyJobs.ProxyServices
		SccProjectUniqueName4 = EMX.JobyJobs.Shared\\EMX.JobyJobs.Shared.csproj
		SccProjectName4 = EMX.JobyJobs.Shared
		SccLocalPath4 = EMX.JobyJobs.Shared
		SccProjectUniqueName5 = Emx.JobyJobs.TaskEngine.Console\\Emx.JobyJobs.TaskEngine.Console.csproj
		SccProjectName5 = Emx.JobyJobs.TaskEngine.Console
		SccLocalPath5 = Emx.JobyJobs.TaskEngine.Console
		SccProjectUniqueName6 = Emx.JobyJobs.NotificaitonEngine.Service\\Emx.JobyJobs.NotificaitonEngine.Service.csproj
		SccProjectName6 = Emx.JobyJobs.NotificaitonEngine.Service
		SccLocalPath6 = Emx.JobyJobs.NotificaitonEngine.Service
		SccProjectUniqueName7 = Emx.JobyJobs.NotificaitonEngine.Logic\\Emx.JobyJobs.NotificaitonEngine.Logic.csproj
		SccProjectName7 = Emx.JobyJobs.NotificaitonEngine.Logic
		SccLocalPath7 = Emx.JobyJobs.NotificaitonEngine.Logic
		SccProjectUniqueName8 = Emx.JobyJobs.TaskEngine.Logic\\Emx.JobyJobs.TaskEngine.Logic.csproj
		SccProjectName8 = Emx.JobyJobs.TaskEngine.Logic
		SccLocalPath8 = Emx.JobyJobs.TaskEngine.Logic
		SccProjectUniqueName9 = EMX.JobyJobs.ASPCoreFwk.API\\EMX.JobyJobs.ASPCoreFwk.API.csproj
		SccProjectName9 = EMX.JobyJobs.ASPCoreFwk.API
		SccLocalPath9 = EMX.JobyJobs.ASPCoreFwk.API
		SccProjectUniqueName10 = EMX.JobyJobs.Admin.ASPCoreFwk\\EMX.JobyJobs.Admin.ASPCoreFwk.csproj
		SccProjectTopLevelParentUniqueName10 = EMX.JobyJobs.sln
		SccProjectName10 = EMX.JobyJobs.Admin.ASPCoreFwk
		SccLocalPath10 = EMX.JobyJobs.Admin.ASPCoreFwk
		SccProjectUniqueName11 = EMX.JobyJobs.ASPCoreFwk.Shared\\EMX.JobyJobs.ASPCoreFwk.Shared.csproj
		SccProjectName11 = EMX.JobyJobs.ASPCoreFwk.Shared
		SccLocalPath11 = EMX.JobyJobs.ASPCoreFwk.Shared
	EndGlobalSection
EndGlobal
